
Microsoft Visual Studio Solution File, Format Version 12.00
# Visual Studio Version 16
VisualStudioVersion = 16.0.29926.136
MinimumVisualStudioVersion = 10.0.40219.1
Project("{8BC9CEB8-8B4A-11D0-8D11-00A0C91BC942}") = "FrameworkZafStructure", "FrameworkZafStructure\FrameworkZafStructure.vcxproj", "{DEE0D7CA-0734-47FF-B50B-988689906947}"
EndProject
Global
	GlobalSection(SolutionConfigurationPlatforms) = preSolution
		Debug|x64 = Debug|x64
		Debug|x86 = Debug|x86
		Release|x64 = Release|x64
		Release|x86 = Release|x86
	EndGlobalSection
	GlobalSection(ProjectConfigurationPlatforms) = postSolution
		{DEE0D7CA-0734-47FF-B50B-988689906947}.Debug|x64.ActiveCfg = Debug|x64
		{DEE0D7CA-0734-47FF-B50B-988689906947}.Debug|x64.Build.0 = Debug|x64
		{DEE0D7CA-0734-47FF-B50B-988689906947}.Debug|x86.ActiveCfg = Debug|Win32
		{DEE0D7CA-0734-47FF-B50B-988689906947}.Debug|x86.Build.0 = Debug|Win32
		{DEE0D7CA-0734-47FF-B50B-988689906947}.Release|x64.ActiveCfg = Release|x64
		{DEE0D7CA-0734-47FF-B50B-988689906947}.Release|x64.Build.0 = Release|x64
		{DEE0D7CA-0734-47FF-B50B-988689906947}.Release|x86.ActiveCfg = Release|Win32
		{DEE0D7CA-0734-47FF-B50B-988689906947}.Release|x86.Build.0 = Release|Win32
	EndGlobalSection
	GlobalSection(SolutionProperties) = preSolution
		HideSolutionNode = FALSE
	EndGlobalSection
	GlobalSection(ExtensibilityGlobals) = postSolution
		SolutionGuid = {D7F5FDC4-75EA-410E-A444-EA0BC14A78BE}
	EndGlobalSection
EndGlobal
